
Microsoft Visual Studio Solution File, Format Version 12.00
# Visual Studio Version 17
VisualStudioVersion = 17.11.35222.181
MinimumVisualStudioVersion = 10.0.40219.1
Project("{2150E333-8FDC-42A3-9474-1A3956D46DE8}") = "DOC", "DOC", "{13C95D11-4C48-4AFF-A51A-4F9942477F44}"
	ProjectSection(SolutionItems) = preProject
		테스트 및 중점.txt = 테스트 및 중점.txt
	EndProjectSection
EndProject
Project("{2150E333-8FDC-42A3-9474-1A3956D46DE8}") = "Task", "Task", "{3DC4910D-F678-465E-9896-4074D063D5A6}"
EndProject
Project("{8BC9CEB8-8B4A-11D0-8D11-00A0C91BC942}") = "000_StringCount", "000_StringCount\000_StringCount.vcxproj", "{A867F966-FCA3-49DD-A8AF-6E626B50D10F}"
EndProject
Project("{8BC9CEB8-8B4A-11D0-8D11-00A0C91BC942}") = "001_NumberCount", "001_NumberCount\001_NumberCount.vcxproj", "{DB47E767-BC7C-4120-A77D-083002FD45B3}"
EndProject
Project("{8BC9CEB8-8B4A-11D0-8D11-00A0C91BC942}") = "002_MyPrintf", "002_MyPrintf\002_MyPrintf.vcxproj", "{C9AE4057-1F32-42EF-89E3-787B20F9E291}"
EndProject
Project("{8BC9CEB8-8B4A-11D0-8D11-00A0C91BC942}") = "003_PlusString", "003_PlusString\003_PlusString.vcxproj", "{0072ECEA-8657-4BEF-B54F-0F1FD54EBD2F}"
EndProject
Project("{8BC9CEB8-8B4A-11D0-8D11-00A0C91BC942}") = "TextRPG000", "TextRPG000\TextRPG000.vcxproj", "{75949A9D-9522-45D4-BB13-72E0252ACC8A}"
EndProject
Project("{2150E333-8FDC-42A3-9474-1A3956D46DE8}") = "Game", "Game", "{32C1C209-C8CF-4A53-83E4-EF7E29354191}"
EndProject
Project("{8BC9CEB8-8B4A-11D0-8D11-00A0C91BC942}") = "TextRPG001Object", "TextRPG001Object\TextRPG001Object.vcxproj", "{320EA0F5-FD48-4AD7-9039-94D9C03CDE16}"
EndProject
Project("{8BC9CEB8-8B4A-11D0-8D11-00A0C91BC942}") = "TextRPG002Inheritance", "TextRPG002Inheritance\TextRPG002Inheritance.vcxproj", "{438D6F2B-D641-425E-8D84-5F1B1BD5C4B4}"
EndProject
Project("{8BC9CEB8-8B4A-11D0-8D11-00A0C91BC942}") = "004_ClassSize", "004_ClassSize\004_ClassSize.vcxproj", "{3B3D43AD-A2F9-4A2B-A85A-EDA5A8BF0C45}"
EndProject
Project("{8BC9CEB8-8B4A-11D0-8D11-00A0C91BC942}") = "TextRPG003ClassFile", "TextRPG003ClassFile\TextRPG003ClassFile.vcxproj", "{67658597-B0C1-42AF-AA16-4CF5A03312E3}"
EndProject
Project("{2150E333-8FDC-42A3-9474-1A3956D46DE8}") = "Framework", "Framework", "{59FA110F-40E3-47E0-B500-301A705EB84F}"
EndProject
Project("{8BC9CEB8-8B4A-11D0-8D11-00A0C91BC942}") = "BaseSystem", "BaseSystem\BaseSystem.vcxproj", "{25AF79C0-4715-435A-BDEB-A5129F18A68D}"
EndProject
Global
	GlobalSection(SolutionConfigurationPlatforms) = preSolution
		Debug|x64 = Debug|x64
		Debug|x86 = Debug|x86
		Release|x64 = Release|x64
		Release|x86 = Release|x86
	EndGlobalSection
	GlobalSection(ProjectConfigurationPlatforms) = postSolution
		{A867F966-FCA3-49DD-A8AF-6E626B50D10F}.Debug|x64.ActiveCfg = Debug|x64
		{A867F966-FCA3-49DD-A8AF-6E626B50D10F}.Debug|x64.Build.0 = Debug|x64
		{A867F966-FCA3-49DD-A8AF-6E626B50D10F}.Debug|x86.ActiveCfg = Debug|Win32
		{A867F966-FCA3-49DD-A8AF-6E626B50D10F}.Debug|x86.Build.0 = Debug|Win32
		{A867F966-FCA3-49DD-A8AF-6E626B50D10F}.Release|x64.ActiveCfg = Release|x64
		{A867F966-FCA3-49DD-A8AF-6E626B50D10F}.Release|x64.Build.0 = Release|x64
		{A867F966-FCA3-49DD-A8AF-6E626B50D10F}.Release|x86.ActiveCfg = Release|Win32
		{A867F966-FCA3-49DD-A8AF-6E626B50D10F}.Release|x86.Build.0 = Release|Win32
		{DB47E767-BC7C-4120-A77D-083002FD45B3}.Debug|x64.ActiveCfg = Debug|x64
		{DB47E767-BC7C-4120-A77D-083002FD45B3}.Debug|x64.Build.0 = Debug|x64
		{DB47E767-BC7C-4120-A77D-083002FD45B3}.Debug|x86.ActiveCfg = Debug|Win32
		{DB47E767-BC7C-4120-A77D-083002FD45B3}.Debug|x86.Build.0 = Debug|Win32
		{DB47E767-BC7C-4120-A77D-083002FD45B3}.Release|x64.ActiveCfg = Release|x64
		{DB47E767-BC7C-4120-A77D-083002FD45B3}.Release|x64.Build.0 = Release|x64
		{DB47E767-BC7C-4120-A77D-083002FD45B3}.Release|x86.ActiveCfg = Release|Win32
		{DB47E767-BC7C-4120-A77D-083002FD45B3}.Release|x86.Build.0 = Release|Win32
		{C9AE4057-1F32-42EF-89E3-787B20F9E291}.Debug|x64.ActiveCfg = Debug|x64
		{C9AE4057-1F32-42EF-89E3-787B20F9E291}.Debug|x64.Build.0 = Debug|x64
		{C9AE4057-1F32-42EF-89E3-787B20F9E291}.Debug|x86.ActiveCfg = Debug|Win32
		{C9AE4057-1F32-42EF-89E3-787B20F9E291}.Debug|x86.Build.0 = Debug|Win32
		{C9AE4057-1F32-42EF-89E3-787B20F9E291}.Release|x64.ActiveCfg = Release|x64
		{C9AE4057-1F32-42EF-89E3-787B20F9E291}.Release|x64.Build.0 = Release|x64
		{C9AE4057-1F32-42EF-89E3-787B20F9E291}.Release|x86.ActiveCfg = Release|Win32
		{C9AE4057-1F32-42EF-89E3-787B20F9E291}.Release|x86.Build.0 = Release|Win32
		{0072ECEA-8657-4BEF-B54F-0F1FD54EBD2F}.Debug|x64.ActiveCfg = Debug|x64
		{0072ECEA-8657-4BEF-B54F-0F1FD54EBD2F}.Debug|x64.Build.0 = Debug|x64
		{0072ECEA-8657-4BEF-B54F-0F1FD54EBD2F}.Debug|x86.ActiveCfg = Debug|Win32
		{0072ECEA-8657-4BEF-B54F-0F1FD54EBD2F}.Debug|x86.Build.0 = Debug|Win32
		{0072ECEA-8657-4BEF-B54F-0F1FD54EBD2F}.Release|x64.ActiveCfg = Release|x64
		{0072ECEA-8657-4BEF-B54F-0F1FD54EBD2F}.Release|x64.Build.0 = Release|x64
		{0072ECEA-8657-4BEF-B54F-0F1FD54EBD2F}.Release|x86.ActiveCfg = Release|Win32
		{0072ECEA-8657-4BEF-B54F-0F1FD54EBD2F}.Release|x86.Build.0 = Release|Win32
		{75949A9D-9522-45D4-BB13-72E0252ACC8A}.Debug|x64.ActiveCfg = Debug|x64
		{75949A9D-9522-45D4-BB13-72E0252ACC8A}.Debug|x64.Build.0 = Debug|x64
		{75949A9D-9522-45D4-BB13-72E0252ACC8A}.Debug|x86.ActiveCfg = Debug|Win32
		{75949A9D-9522-45D4-BB13-72E0252ACC8A}.Debug|x86.Build.0 = Debug|Win32
		{75949A9D-9522-45D4-BB13-72E0252ACC8A}.Release|x64.ActiveCfg = Release|x64
		{75949A9D-9522-45D4-BB13-72E0252ACC8A}.Release|x64.Build.0 = Release|x64
		{75949A9D-9522-45D4-BB13-72E0252ACC8A}.Release|x86.ActiveCfg = Release|Win32
		{75949A9D-9522-45D4-BB13-72E0252ACC8A}.Release|x86.Build.0 = Release|Win32
		{320EA0F5-FD48-4AD7-9039-94D9C03CDE16}.Debug|x64.ActiveCfg = Debug|x64
		{320EA0F5-FD48-4AD7-9039-94D9C03CDE16}.Debug|x64.Build.0 = Debug|x64
		{320EA0F5-FD48-4AD7-9039-94D9C03CDE16}.Debug|x86.ActiveCfg = Debug|Win32
		{320EA0F5-FD48-4AD7-9039-94D9C03CDE16}.Debug|x86.Build.0 = Debug|Win32
		{320EA0F5-FD48-4AD7-9039-94D9C03CDE16}.Release|x64.ActiveCfg = Release|x64
		{320EA0F5-FD48-4AD7-9039-94D9C03CDE16}.Release|x64.Build.0 = Release|x64
		{320EA0F5-FD48-4AD7-9039-94D9C03CDE16}.Release|x86.ActiveCfg = Release|Win32
		{320EA0F5-FD48-4AD7-9039-94D9C03CDE16}.Release|x86.Build.0 = Release|Win32
		{438D6F2B-D641-425E-8D84-5F1B1BD5C4B4}.Debug|x64.ActiveCfg = Debug|x64
		{438D6F2B-D641-425E-8D84-5F1B1BD5C4B4}.Debug|x64.Build.0 = Debug|x64
		{438D6F2B-D641-425E-8D84-5F1B1BD5C4B4}.Debug|x86.ActiveCfg = Debug|Win32
		{438D6F2B-D641-425E-8D84-5F1B1BD5C4B4}.Debug|x86.Build.0 = Debug|Win32
		{438D6F2B-D641-425E-8D84-5F1B1BD5C4B4}.Release|x64.ActiveCfg = Release|x64
		{438D6F2B-D641-425E-8D84-5F1B1BD5C4B4}.Release|x64.Build.0 = Release|x64
		{438D6F2B-D641-425E-8D84-5F1B1BD5C4B4}.Release|x86.ActiveCfg = Release|Win32
		{438D6F2B-D641-425E-8D84-5F1B1BD5C4B4}.Release|x86.Build.0 = Release|Win32
		{3B3D43AD-A2F9-4A2B-A85A-EDA5A8BF0C45}.Debug|x64.ActiveCfg = Debug|x64
		{3B3D43AD-A2F9-4A2B-A85A-EDA5A8BF0C45}.Debug|x64.Build.0 = Debug|x64
		{3B3D43AD-A2F9-4A2B-A85A-EDA5A8BF0C45}.Debug|x86.ActiveCfg = Debug|Win32
		{3B3D43AD-A2F9-4A2B-A85A-EDA5A8BF0C45}.Debug|x86.Build.0 = Debug|Win32
		{3B3D43AD-A2F9-4A2B-A85A-EDA5A8BF0C45}.Release|x64.ActiveCfg = Release|x64
		{3B3D43AD-A2F9-4A2B-A85A-EDA5A8BF0C45}.Release|x64.Build.0 = Release|x64
		{3B3D43AD-A2F9-4A2B-A85A-EDA5A8BF0C45}.Release|x86.ActiveCfg = Release|Win32
		{3B3D43AD-A2F9-4A2B-A85A-EDA5A8BF0C45}.Release|x86.Build.0 = Release|Win32
		{67658597-B0C1-42AF-AA16-4CF5A03312E3}.Debug|x64.ActiveCfg = Debug|x64
		{67658597-B0C1-42AF-AA16-4CF5A03312E3}.Debug|x64.Build.0 = Debug|x64
		{67658597-B0C1-42AF-AA16-4CF5A03312E3}.Debug|x86.ActiveCfg = Debug|Win32
		{67658597-B0C1-42AF-AA16-4CF5A03312E3}.Debug|x86.Build.0 = Debug|Win32
		{67658597-B0C1-42AF-AA16-4CF5A03312E3}.Release|x64.ActiveCfg = Release|x64
		{67658597-B0C1-42AF-AA16-4CF5A03312E3}.Release|x64.Build.0 = Release|x64
		{67658597-B0C1-42AF-AA16-4CF5A03312E3}.Release|x86.ActiveCfg = Release|Win32
		{67658597-B0C1-42AF-AA16-4CF5A03312E3}.Release|x86.Build.0 = Release|Win32
		{25AF79C0-4715-435A-BDEB-A5129F18A68D}.Debug|x64.ActiveCfg = Debug|x64
		{25AF79C0-4715-435A-BDEB-A5129F18A68D}.Debug|x64.Build.0 = Debug|x64
		{25AF79C0-4715-435A-BDEB-A5129F18A68D}.Debug|x86.ActiveCfg = Debug|Win32
		{25AF79C0-4715-435A-BDEB-A5129F18A68D}.Debug|x86.Build.0 = Debug|Win32
		{25AF79C0-4715-435A-BDEB-A5129F18A68D}.Release|x64.ActiveCfg = Release|x64
		{25AF79C0-4715-435A-BDEB-A5129F18A68D}.Release|x64.Build.0 = Release|x64
		{25AF79C0-4715-435A-BDEB-A5129F18A68D}.Release|x86.ActiveCfg = Release|Win32
		{25AF79C0-4715-435A-BDEB-A5129F18A68D}.Release|x86.Build.0 = Release|Win32
	EndGlobalSection
	GlobalSection(SolutionProperties) = preSolution
		HideSolutionNode = FALSE
	EndGlobalSection
	GlobalSection(NestedProjects) = preSolution
		{A867F966-FCA3-49DD-A8AF-6E626B50D10F} = {3DC4910D-F678-465E-9896-4074D063D5A6}
		{DB47E767-BC7C-4120-A77D-083002FD45B3} = {3DC4910D-F678-465E-9896-4074D063D5A6}
		{C9AE4057-1F32-42EF-89E3-787B20F9E291} = {3DC4910D-F678-465E-9896-4074D063D5A6}
		{0072ECEA-8657-4BEF-B54F-0F1FD54EBD2F} = {3DC4910D-F678-465E-9896-4074D063D5A6}
		{75949A9D-9522-45D4-BB13-72E0252ACC8A} = {32C1C209-C8CF-4A53-83E4-EF7E29354191}
		{320EA0F5-FD48-4AD7-9039-94D9C03CDE16} = {32C1C209-C8CF-4A53-83E4-EF7E29354191}
		{438D6F2B-D641-425E-8D84-5F1B1BD5C4B4} = {32C1C209-C8CF-4A53-83E4-EF7E29354191}
		{3B3D43AD-A2F9-4A2B-A85A-EDA5A8BF0C45} = {3DC4910D-F678-465E-9896-4074D063D5A6}
		{67658597-B0C1-42AF-AA16-4CF5A03312E3} = {32C1C209-C8CF-4A53-83E4-EF7E29354191}
		{25AF79C0-4715-435A-BDEB-A5129F18A68D} = {59FA110F-40E3-47E0-B500-301A705EB84F}
	EndGlobalSection
	GlobalSection(ExtensibilityGlobals) = postSolution
		SolutionGuid = {FBB19FA0-0B86-4207-8D7C-52BE09908305}
	EndGlobalSection
EndGlobal
