
Microsoft Visual Studio Solution File, Format Version 12.00
# Visual Studio Version 17
VisualStudioVersion = 17.11.35222.181
MinimumVisualStudioVersion = 10.0.40219.1
Project("{2150E333-8FDC-42A3-9474-1A3956D46DE8}") = "DOC", "DOC", "{13C95D11-4C48-4AFF-A51A-4F9942477F44}"
	ProjectSection(SolutionItems) = preProject
		테스트 및 중점.txt = 테스트 및 중점.txt
	EndProjectSection
EndProject
Project("{2150E333-8FDC-42A3-9474-1A3956D46DE8}") = "Task", "Task", "{3DC4910D-F678-465E-9896-4074D063D5A6}"
EndProject
Project("{8BC9CEB8-8B4A-11D0-8D11-00A0C91BC942}") = "000_StringCount", "000_StringCount\000_StringCount.vcxproj", "{A867F966-FCA3-49DD-A8AF-6E626B50D10F}"
EndProject
Project("{8BC9CEB8-8B4A-11D0-8D11-00A0C91BC942}") = "001_NumberCount", "001_NumberCount\001_NumberCount.vcxproj", "{DB47E767-BC7C-4120-A77D-083002FD45B3}"
EndProject
Project("{8BC9CEB8-8B4A-11D0-8D11-00A0C91BC942}") = "002_MyPrintf", "002_MyPrintf\002_MyPrintf.vcxproj", "{C9AE4057-1F32-42EF-89E3-787B20F9E291}"
EndProject
Global
	GlobalSection(SolutionConfigurationPlatforms) = preSolution
		Debug|x64 = Debug|x64
		Debug|x86 = Debug|x86
		Release|x64 = Release|x64
		Release|x86 = Release|x86
	EndGlobalSection
	GlobalSection(ProjectConfigurationPlatforms) = postSolution
		{A867F966-FCA3-49DD-A8AF-6E626B50D10F}.Debug|x64.ActiveCfg = Debug|x64
		{A867F966-FCA3-49DD-A8AF-6E626B50D10F}.Debug|x64.Build.0 = Debug|x64
		{A867F966-FCA3-49DD-A8AF-6E626B50D10F}.Debug|x86.ActiveCfg = Debug|Win32
		{A867F966-FCA3-49DD-A8AF-6E626B50D10F}.Debug|x86.Build.0 = Debug|Win32
		{A867F966-FCA3-49DD-A8AF-6E626B50D10F}.Release|x64.ActiveCfg = Release|x64
		{A867F966-FCA3-49DD-A8AF-6E626B50D10F}.Release|x64.Build.0 = Release|x64
		{A867F966-FCA3-49DD-A8AF-6E626B50D10F}.Release|x86.ActiveCfg = Release|Win32
		{A867F966-FCA3-49DD-A8AF-6E626B50D10F}.Release|x86.Build.0 = Release|Win32
		{DB47E767-BC7C-4120-A77D-083002FD45B3}.Debug|x64.ActiveCfg = Debug|x64
		{DB47E767-BC7C-4120-A77D-083002FD45B3}.Debug|x64.Build.0 = Debug|x64
		{DB47E767-BC7C-4120-A77D-083002FD45B3}.Debug|x86.ActiveCfg = Debug|Win32
		{DB47E767-BC7C-4120-A77D-083002FD45B3}.Debug|x86.Build.0 = Debug|Win32
		{DB47E767-BC7C-4120-A77D-083002FD45B3}.Release|x64.ActiveCfg = Release|x64
		{DB47E767-BC7C-4120-A77D-083002FD45B3}.Release|x64.Build.0 = Release|x64
		{DB47E767-BC7C-4120-A77D-083002FD45B3}.Release|x86.ActiveCfg = Release|Win32
		{DB47E767-BC7C-4120-A77D-083002FD45B3}.Release|x86.Build.0 = Release|Win32
		{C9AE4057-1F32-42EF-89E3-787B20F9E291}.Debug|x64.ActiveCfg = Debug|x64
		{C9AE4057-1F32-42EF-89E3-787B20F9E291}.Debug|x64.Build.0 = Debug|x64
		{C9AE4057-1F32-42EF-89E3-787B20F9E291}.Debug|x86.ActiveCfg = Debug|Win32
		{C9AE4057-1F32-42EF-89E3-787B20F9E291}.Debug|x86.Build.0 = Debug|Win32
		{C9AE4057-1F32-42EF-89E3-787B20F9E291}.Release|x64.ActiveCfg = Release|x64
		{C9AE4057-1F32-42EF-89E3-787B20F9E291}.Release|x64.Build.0 = Release|x64
		{C9AE4057-1F32-42EF-89E3-787B20F9E291}.Release|x86.ActiveCfg = Release|Win32
		{C9AE4057-1F32-42EF-89E3-787B20F9E291}.Release|x86.Build.0 = Release|Win32
	EndGlobalSection
	GlobalSection(SolutionProperties) = preSolution
		HideSolutionNode = FALSE
	EndGlobalSection
	GlobalSection(NestedProjects) = preSolution
		{A867F966-FCA3-49DD-A8AF-6E626B50D10F} = {3DC4910D-F678-465E-9896-4074D063D5A6}
		{DB47E767-BC7C-4120-A77D-083002FD45B3} = {3DC4910D-F678-465E-9896-4074D063D5A6}
		{C9AE4057-1F32-42EF-89E3-787B20F9E291} = {3DC4910D-F678-465E-9896-4074D063D5A6}
	EndGlobalSection
	GlobalSection(ExtensibilityGlobals) = postSolution
		SolutionGuid = {FBB19FA0-0B86-4207-8D7C-52BE09908305}
	EndGlobalSection
EndGlobal
